
Microsoft Visual Studio Solution File, Format Version 12.00
# Visual Studio Version 17
VisualStudioVersion = 17.4.33110.190
MinimumVisualStudioVersion = 10.0.40219.1
Project("{2150E333-8FDC-42A3-9474-1A3956D46DE8}") = "Domain", "Domain", "{A248BAF1-D52C-4A33-9D69-7076603BA4F9}"
EndProject
Project("{2150E333-8FDC-42A3-9474-1A3956D46DE8}") = "Data", "Data", "{D28AE891-7FCE-4C4F-A080-DB74A7D83541}"
EndProject
Project("{2150E333-8FDC-42A3-9474-1A3956D46DE8}") = "Application", "Application", "{68ACB136-F9A9-4A39-91E1-F50E1263E070}"
EndProject
Project("{2150E333-8FDC-42A3-9474-1A3956D46DE8}") = "UI", "UI", "{E87428DB-A0C9-4EFE-ABAE-3DA33697792A}"
EndProject
Project("{9A19103F-16F7-4668-BE54-9A1E7A4F7556}") = "BeerWulf.UI.Api", "UI\BeerWulf.UI.Api\BeerWulf.UI.Api.csproj", "{A10871F5-9860-4811-ABBE-0C371AE8ACF5}"
EndProject
Project("{2150E333-8FDC-42A3-9474-1A3956D46DE8}") = "Test", "Test", "{C8759372-98C2-4E63-BF56-50BCD81FCBD0}"
EndProject
Project("{9A19103F-16F7-4668-BE54-9A1E7A4F7556}") = "BeerWulf.Domain", "Domain\BeerWulf.Domain\BeerWulf.Domain.csproj", "{B9298388-DCB4-47AD-850E-79B1F7B2571A}"
EndProject
Project("{9A19103F-16F7-4668-BE54-9A1E7A4F7556}") = "BeerWulf.Data", "Data\BeerWulf.Data\BeerWulf.Data.csproj", "{A0FDFFD8-D9AD-40FC-B5D5-C5588B18D8F7}"
EndProject
Project("{9A19103F-16F7-4668-BE54-9A1E7A4F7556}") = "BeerWulf.Data.Impl.EF", "Data\BeerWulf.Data.Impl.EF\BeerWulf.Data.Impl.EF.csproj", "{D1B3D155-ADD7-488F-B48C-D30984891B6D}"
EndProject
Project("{9A19103F-16F7-4668-BE54-9A1E7A4F7556}") = "BeerWulf.Application", "Application\BeerWulf.Application\BeerWulf.Application.csproj", "{3AF42FD9-1802-416F-B21D-51A2212D6508}"
EndProject
Project("{9A19103F-16F7-4668-BE54-9A1E7A4F7556}") = "BeerWulf.Common", "BeerWulf.Common\BeerWulf.Common.csproj", "{5F82D2B8-5EE6-4A54-8571-19A8DDB08449}"
EndProject
Project("{9A19103F-16F7-4668-BE54-9A1E7A4F7556}") = "BeerWulf.Test.UnitTest", "Test\BeerWulf.Test.UnitTest\BeerWulf.Test.UnitTest.csproj", "{E7D004F4-A2A9-4BAE-8EB7-C3A3F772D869}"
EndProject
Project("{9A19103F-16F7-4668-BE54-9A1E7A4F7556}") = "BeerWulf.Bootstrapper", "BeerWulf.Bootstrapper\BeerWulf.Bootstrapper.csproj", "{F178E909-285D-46E4-AE17-23DEFD850AAA}"
EndProject
Global
	GlobalSection(SolutionConfigurationPlatforms) = preSolution
		Debug|Any CPU = Debug|Any CPU
		Release|Any CPU = Release|Any CPU
	EndGlobalSection
	GlobalSection(ProjectConfigurationPlatforms) = postSolution
		{A10871F5-9860-4811-ABBE-0C371AE8ACF5}.Debug|Any CPU.ActiveCfg = Debug|Any CPU
		{A10871F5-9860-4811-ABBE-0C371AE8ACF5}.Debug|Any CPU.Build.0 = Debug|Any CPU
		{A10871F5-9860-4811-ABBE-0C371AE8ACF5}.Release|Any CPU.ActiveCfg = Release|Any CPU
		{A10871F5-9860-4811-ABBE-0C371AE8ACF5}.Release|Any CPU.Build.0 = Release|Any CPU
		{B9298388-DCB4-47AD-850E-79B1F7B2571A}.Debug|Any CPU.ActiveCfg = Debug|Any CPU
		{B9298388-DCB4-47AD-850E-79B1F7B2571A}.Debug|Any CPU.Build.0 = Debug|Any CPU
		{B9298388-DCB4-47AD-850E-79B1F7B2571A}.Release|Any CPU.ActiveCfg = Release|Any CPU
		{B9298388-DCB4-47AD-850E-79B1F7B2571A}.Release|Any CPU.Build.0 = Release|Any CPU
		{A0FDFFD8-D9AD-40FC-B5D5-C5588B18D8F7}.Debug|Any CPU.ActiveCfg = Debug|Any CPU
		{A0FDFFD8-D9AD-40FC-B5D5-C5588B18D8F7}.Debug|Any CPU.Build.0 = Debug|Any CPU
		{A0FDFFD8-D9AD-40FC-B5D5-C5588B18D8F7}.Release|Any CPU.ActiveCfg = Release|Any CPU
		{A0FDFFD8-D9AD-40FC-B5D5-C5588B18D8F7}.Release|Any CPU.Build.0 = Release|Any CPU
		{D1B3D155-ADD7-488F-B48C-D30984891B6D}.Debug|Any CPU.ActiveCfg = Debug|Any CPU
		{D1B3D155-ADD7-488F-B48C-D30984891B6D}.Debug|Any CPU.Build.0 = Debug|Any CPU
		{D1B3D155-ADD7-488F-B48C-D30984891B6D}.Release|Any CPU.ActiveCfg = Release|Any CPU
		{D1B3D155-ADD7-488F-B48C-D30984891B6D}.Release|Any CPU.Build.0 = Release|Any CPU
		{3AF42FD9-1802-416F-B21D-51A2212D6508}.Debug|Any CPU.ActiveCfg = Debug|Any CPU
		{3AF42FD9-1802-416F-B21D-51A2212D6508}.Debug|Any CPU.Build.0 = Debug|Any CPU
		{3AF42FD9-1802-416F-B21D-51A2212D6508}.Release|Any CPU.ActiveCfg = Release|Any CPU
		{3AF42FD9-1802-416F-B21D-51A2212D6508}.Release|Any CPU.Build.0 = Release|Any CPU
		{5F82D2B8-5EE6-4A54-8571-19A8DDB08449}.Debug|Any CPU.ActiveCfg = Debug|Any CPU
		{5F82D2B8-5EE6-4A54-8571-19A8DDB08449}.Debug|Any CPU.Build.0 = Debug|Any CPU
		{5F82D2B8-5EE6-4A54-8571-19A8DDB08449}.Release|Any CPU.ActiveCfg = Release|Any CPU
		{5F82D2B8-5EE6-4A54-8571-19A8DDB08449}.Release|Any CPU.Build.0 = Release|Any CPU
		{E7D004F4-A2A9-4BAE-8EB7-C3A3F772D869}.Debug|Any CPU.ActiveCfg = Debug|Any CPU
		{E7D004F4-A2A9-4BAE-8EB7-C3A3F772D869}.Debug|Any CPU.Build.0 = Debug|Any CPU
		{E7D004F4-A2A9-4BAE-8EB7-C3A3F772D869}.Release|Any CPU.ActiveCfg = Release|Any CPU
		{E7D004F4-A2A9-4BAE-8EB7-C3A3F772D869}.Release|Any CPU.Build.0 = Release|Any CPU
		{F178E909-285D-46E4-AE17-23DEFD850AAA}.Debug|Any CPU.ActiveCfg = Debug|Any CPU
		{F178E909-285D-46E4-AE17-23DEFD850AAA}.Debug|Any CPU.Build.0 = Debug|Any CPU
		{F178E909-285D-46E4-AE17-23DEFD850AAA}.Release|Any CPU.ActiveCfg = Release|Any CPU
		{F178E909-285D-46E4-AE17-23DEFD850AAA}.Release|Any CPU.Build.0 = Release|Any CPU
	EndGlobalSection
	GlobalSection(SolutionProperties) = preSolution
		HideSolutionNode = FALSE
	EndGlobalSection
	GlobalSection(NestedProjects) = preSolution
		{A10871F5-9860-4811-ABBE-0C371AE8ACF5} = {E87428DB-A0C9-4EFE-ABAE-3DA33697792A}
		{B9298388-DCB4-47AD-850E-79B1F7B2571A} = {A248BAF1-D52C-4A33-9D69-7076603BA4F9}
		{A0FDFFD8-D9AD-40FC-B5D5-C5588B18D8F7} = {D28AE891-7FCE-4C4F-A080-DB74A7D83541}
		{D1B3D155-ADD7-488F-B48C-D30984891B6D} = {D28AE891-7FCE-4C4F-A080-DB74A7D83541}
		{3AF42FD9-1802-416F-B21D-51A2212D6508} = {68ACB136-F9A9-4A39-91E1-F50E1263E070}
		{E7D004F4-A2A9-4BAE-8EB7-C3A3F772D869} = {C8759372-98C2-4E63-BF56-50BCD81FCBD0}
	EndGlobalSection
	GlobalSection(ExtensibilityGlobals) = postSolution
		SolutionGuid = {A24BEE62-DA11-40AA-BB06-EAC09DBC369D}
	EndGlobalSection
EndGlobal
